
Microsoft Visual Studio Solution File, Format Version 12.00
# Visual Studio Version 17
VisualStudioVersion = 17.4.33403.182
MinimumVisualStudioVersion = 10.0.40219.1
Project("{FAE04EC0-301F-11D3-BF4B-00C04F79EFBC}") = "NullVariables", "NullVariables\NullVariables.csproj", "{EBEED370-F4FF-4A03-8CD3-94F4B7BF1F0A}"
EndProject
Global
	GlobalSection(SolutionConfigurationPlatforms) = preSolution
		Debug|Any CPU = Debug|Any CPU
		Release|Any CPU = Release|Any CPU
	EndGlobalSection
	GlobalSection(ProjectConfigurationPlatforms) = postSolution
		{EBEED370-F4FF-4A03-8CD3-94F4B7BF1F0A}.Debug|Any CPU.ActiveCfg = Debug|Any CPU
		{EBEED370-F4FF-4A03-8CD3-94F4B7BF1F0A}.Debug|Any CPU.Build.0 = Debug|Any CPU
		{EBEED370-F4FF-4A03-8CD3-94F4B7BF1F0A}.Release|Any CPU.ActiveCfg = Release|Any CPU
		{EBEED370-F4FF-4A03-8CD3-94F4B7BF1F0A}.Release|Any CPU.Build.0 = Release|Any CPU
	EndGlobalSection
	GlobalSection(SolutionProperties) = preSolution
		HideSolutionNode = FALSE
	EndGlobalSection
	GlobalSection(ExtensibilityGlobals) = postSolution
		SolutionGuid = {A21CD1FC-92D5-4455-AC73-E56E16A9B8DB}
	EndGlobalSection
EndGlobal
